
Microsoft Visual Studio Solution File, Format Version 12.00
# Visual Studio Version 17
VisualStudioVersion = 17.6.33723.286
MinimumVisualStudioVersion = 10.0.40219.1
Project("{9A19103F-16F7-4668-BE54-9A1E7A4F7556}") = "SimpleWebApp.Api", "SimpleWebApp.Api\SimpleWebApp.Api.csproj", "{C0272AE5-C035-4BA2-8D92-12E448659561}"
EndProject
Project("{9A19103F-16F7-4668-BE54-9A1E7A4F7556}") = "SimpleWebApp.CommonModels", "SimpleWebApp.CommonModels\SimpleWebApp.CommonModels.csproj", "{730B75FC-59F6-43DF-8EED-5E3AF12234F7}"
EndProject
Project("{9A19103F-16F7-4668-BE54-9A1E7A4F7556}") = "SimpleWebApp.Storage", "SimpleWebApp.Storage\SimpleWebApp.Storage.csproj", "{537191F5-9294-42F4-B834-05EC71FB07D2}"
EndProject
Project("{9A19103F-16F7-4668-BE54-9A1E7A4F7556}") = "SimpleWebApp.BusinessLogic", "SimpleWebApp.BusinessLogic\SimpleWebApp.BusinessLogic.csproj", "{ACB15202-20B5-4580-8FDF-63E8FB15F98E}"
EndProject
Project("{9A19103F-16F7-4668-BE54-9A1E7A4F7556}") = "SimpleWebApp.Middleware", "SimpleWebApp.Middleware\SimpleWebApp.Middleware.csproj", "{8440D200-AB71-4C82-994B-A7465A98F577}"
EndProject
Project("{FAE04EC0-301F-11D3-BF4B-00C04F79EFBC}") = "SimpleWebApp.Storage.EntityFramework", "SimpleWebApp.Storage.EntityFramework\SimpleWebApp.Storage.EntityFramework.csproj", "{CFD48B9A-7B44-44C3-B785-6594A485CE7E}"
EndProject
Project("{FAE04EC0-301F-11D3-BF4B-00C04F79EFBC}") = "SimpleWebApp.Storage.Models", "SimpleWebApp.Storage.Models\SimpleWebApp.Storage.Models.csproj", "{DD28913C-A274-4010-A599-4FDEB16F1E35}"
EndProject
Project("{FAE04EC0-301F-11D3-BF4B-00C04F79EFBC}") = "SimpleWebApp.Storage.RawSql", "SimpleWebApp.Storage.RawSql\SimpleWebApp.Storage.RawSql.csproj", "{82E5296D-5E46-40BE-A770-FEE4EBD920C9}"
EndProject
Global
	GlobalSection(SolutionConfigurationPlatforms) = preSolution
		Debug|Any CPU = Debug|Any CPU
		Release|Any CPU = Release|Any CPU
	EndGlobalSection
	GlobalSection(ProjectConfigurationPlatforms) = postSolution
		{C0272AE5-C035-4BA2-8D92-12E448659561}.Debug|Any CPU.ActiveCfg = Debug|Any CPU
		{C0272AE5-C035-4BA2-8D92-12E448659561}.Debug|Any CPU.Build.0 = Debug|Any CPU
		{C0272AE5-C035-4BA2-8D92-12E448659561}.Release|Any CPU.ActiveCfg = Release|Any CPU
		{C0272AE5-C035-4BA2-8D92-12E448659561}.Release|Any CPU.Build.0 = Release|Any CPU
		{730B75FC-59F6-43DF-8EED-5E3AF12234F7}.Debug|Any CPU.ActiveCfg = Debug|Any CPU
		{730B75FC-59F6-43DF-8EED-5E3AF12234F7}.Debug|Any CPU.Build.0 = Debug|Any CPU
		{730B75FC-59F6-43DF-8EED-5E3AF12234F7}.Release|Any CPU.ActiveCfg = Release|Any CPU
		{730B75FC-59F6-43DF-8EED-5E3AF12234F7}.Release|Any CPU.Build.0 = Release|Any CPU
		{537191F5-9294-42F4-B834-05EC71FB07D2}.Debug|Any CPU.ActiveCfg = Debug|Any CPU
		{537191F5-9294-42F4-B834-05EC71FB07D2}.Debug|Any CPU.Build.0 = Debug|Any CPU
		{537191F5-9294-42F4-B834-05EC71FB07D2}.Release|Any CPU.ActiveCfg = Release|Any CPU
		{537191F5-9294-42F4-B834-05EC71FB07D2}.Release|Any CPU.Build.0 = Release|Any CPU
		{ACB15202-20B5-4580-8FDF-63E8FB15F98E}.Debug|Any CPU.ActiveCfg = Debug|Any CPU
		{ACB15202-20B5-4580-8FDF-63E8FB15F98E}.Debug|Any CPU.Build.0 = Debug|Any CPU
		{ACB15202-20B5-4580-8FDF-63E8FB15F98E}.Release|Any CPU.ActiveCfg = Release|Any CPU
		{ACB15202-20B5-4580-8FDF-63E8FB15F98E}.Release|Any CPU.Build.0 = Release|Any CPU
		{8440D200-AB71-4C82-994B-A7465A98F577}.Debug|Any CPU.ActiveCfg = Debug|Any CPU
		{8440D200-AB71-4C82-994B-A7465A98F577}.Debug|Any CPU.Build.0 = Debug|Any CPU
		{8440D200-AB71-4C82-994B-A7465A98F577}.Release|Any CPU.ActiveCfg = Release|Any CPU
		{8440D200-AB71-4C82-994B-A7465A98F577}.Release|Any CPU.Build.0 = Release|Any CPU
		{CFD48B9A-7B44-44C3-B785-6594A485CE7E}.Debug|Any CPU.ActiveCfg = Debug|Any CPU
		{CFD48B9A-7B44-44C3-B785-6594A485CE7E}.Debug|Any CPU.Build.0 = Debug|Any CPU
		{CFD48B9A-7B44-44C3-B785-6594A485CE7E}.Release|Any CPU.ActiveCfg = Release|Any CPU
		{CFD48B9A-7B44-44C3-B785-6594A485CE7E}.Release|Any CPU.Build.0 = Release|Any CPU
		{DD28913C-A274-4010-A599-4FDEB16F1E35}.Debug|Any CPU.ActiveCfg = Debug|Any CPU
		{DD28913C-A274-4010-A599-4FDEB16F1E35}.Debug|Any CPU.Build.0 = Debug|Any CPU
		{DD28913C-A274-4010-A599-4FDEB16F1E35}.Release|Any CPU.ActiveCfg = Release|Any CPU
		{DD28913C-A274-4010-A599-4FDEB16F1E35}.Release|Any CPU.Build.0 = Release|Any CPU
		{82E5296D-5E46-40BE-A770-FEE4EBD920C9}.Debug|Any CPU.ActiveCfg = Debug|Any CPU
		{82E5296D-5E46-40BE-A770-FEE4EBD920C9}.Debug|Any CPU.Build.0 = Debug|Any CPU
		{82E5296D-5E46-40BE-A770-FEE4EBD920C9}.Release|Any CPU.ActiveCfg = Release|Any CPU
		{82E5296D-5E46-40BE-A770-FEE4EBD920C9}.Release|Any CPU.Build.0 = Release|Any CPU
	EndGlobalSection
	GlobalSection(SolutionProperties) = preSolution
		HideSolutionNode = FALSE
	EndGlobalSection
	GlobalSection(ExtensibilityGlobals) = postSolution
		SolutionGuid = {93FF185A-D255-45CB-AEAA-5A6109B2D2EF}
	EndGlobalSection
EndGlobal
